
Microsoft Visual Studio Solution File, Format Version 12.00
# Visual Studio Version 17
VisualStudioVersion = 17.10.35122.118
MinimumVisualStudioVersion = 10.0.40219.1
Project("{FAE04EC0-301F-11D3-BF4B-00C04F79EFBC}") = "techfixAPI", "techfixAPI\techfixAPI.csproj", "{072ABD9F-007B-44E1-AF3D-886369630272}"
EndProject
Global
	GlobalSection(SolutionConfigurationPlatforms) = preSolution
		Debug|Any CPU = Debug|Any CPU
		Release|Any CPU = Release|Any CPU
	EndGlobalSection
	GlobalSection(ProjectConfigurationPlatforms) = postSolution
		{072ABD9F-007B-44E1-AF3D-886369630272}.Debug|Any CPU.ActiveCfg = Debug|Any CPU
		{072ABD9F-007B-44E1-AF3D-886369630272}.Debug|Any CPU.Build.0 = Debug|Any CPU
		{072ABD9F-007B-44E1-AF3D-886369630272}.Release|Any CPU.ActiveCfg = Release|Any CPU
		{072ABD9F-007B-44E1-AF3D-886369630272}.Release|Any CPU.Build.0 = Release|Any CPU
	EndGlobalSection
	GlobalSection(SolutionProperties) = preSolution
		HideSolutionNode = FALSE
	EndGlobalSection
	GlobalSection(ExtensibilityGlobals) = postSolution
		SolutionGuid = {04ADCC05-9721-4999-930D-0F0F0B185A7E}
	EndGlobalSection
EndGlobal
